
Microsoft Visual Studio Solution File, Format Version 12.00
Project("{FAE04EC0-301F-11D3-BF4B-00C04F79EFBC}") = "Lab1", "Lab1\Lab1.csproj", "{102EC440-6390-4E28-BEC3-352D7451547B}"
EndProject
Project("{FAE04EC0-301F-11D3-BF4B-00C04F79EFBC}") = "Lab1.Tests", "Lab1.Tests\Lab1.Tests.csproj", "{6E79E07C-2C61-412C-98D9-B1435433E822}"
EndProject
Global
	GlobalSection(SolutionConfigurationPlatforms) = preSolution
		Debug|Any CPU = Debug|Any CPU
		Release|Any CPU = Release|Any CPU
	EndGlobalSection
	GlobalSection(ProjectConfigurationPlatforms) = postSolution
		{102EC440-6390-4E28-BEC3-352D7451547B}.Debug|Any CPU.ActiveCfg = Debug|Any CPU
		{102EC440-6390-4E28-BEC3-352D7451547B}.Debug|Any CPU.Build.0 = Debug|Any CPU
		{102EC440-6390-4E28-BEC3-352D7451547B}.Release|Any CPU.ActiveCfg = Release|Any CPU
		{102EC440-6390-4E28-BEC3-352D7451547B}.Release|Any CPU.Build.0 = Release|Any CPU
		{6E79E07C-2C61-412C-98D9-B1435433E822}.Debug|Any CPU.ActiveCfg = Debug|Any CPU
		{6E79E07C-2C61-412C-98D9-B1435433E822}.Debug|Any CPU.Build.0 = Debug|Any CPU
		{6E79E07C-2C61-412C-98D9-B1435433E822}.Release|Any CPU.ActiveCfg = Release|Any CPU
		{6E79E07C-2C61-412C-98D9-B1435433E822}.Release|Any CPU.Build.0 = Release|Any CPU
	EndGlobalSection
EndGlobal
